
Microsoft Visual Studio Solution File, Format Version 12.00
# Visual Studio Version 16
VisualStudioVersion = 16.0.28917.182
MinimumVisualStudioVersion = 10.0.40219.1
Project("{FAE04EC0-301F-11D3-BF4B-00C04F79EFBC}") = "libcgs", "src\libcgs\libcgs.csproj", "{A7D8D423-EACF-4D34-BE86-80A609BCF878}"
EndProject
Project("{9A19103F-16F7-4668-BE54-9A1E7A4F7556}") = "SdlSharp", "lib\sdl-sharp\src\SdlSharp\SdlSharp.csproj", "{9BB6B216-69E8-46CD-A2B4-C0558E031A1E}"
EndProject
Global
	GlobalSection(SolutionConfigurationPlatforms) = preSolution
		Debug|Any CPU = Debug|Any CPU
		Release|Any CPU = Release|Any CPU
	EndGlobalSection
	GlobalSection(ProjectConfigurationPlatforms) = postSolution
		{A7D8D423-EACF-4D34-BE86-80A609BCF878}.Debug|Any CPU.ActiveCfg = Debug|Any CPU
		{A7D8D423-EACF-4D34-BE86-80A609BCF878}.Debug|Any CPU.Build.0 = Debug|Any CPU
		{A7D8D423-EACF-4D34-BE86-80A609BCF878}.Release|Any CPU.ActiveCfg = Release|Any CPU
		{A7D8D423-EACF-4D34-BE86-80A609BCF878}.Release|Any CPU.Build.0 = Release|Any CPU
		{9BB6B216-69E8-46CD-A2B4-C0558E031A1E}.Debug|Any CPU.ActiveCfg = Debug|Any CPU
		{9BB6B216-69E8-46CD-A2B4-C0558E031A1E}.Debug|Any CPU.Build.0 = Debug|Any CPU
		{9BB6B216-69E8-46CD-A2B4-C0558E031A1E}.Release|Any CPU.ActiveCfg = Release|Any CPU
		{9BB6B216-69E8-46CD-A2B4-C0558E031A1E}.Release|Any CPU.Build.0 = Release|Any CPU
	EndGlobalSection
	GlobalSection(SolutionProperties) = preSolution
		HideSolutionNode = FALSE
	EndGlobalSection
	GlobalSection(ExtensibilityGlobals) = postSolution
		SolutionGuid = {8BB2456E-E01D-468E-8261-CAC367844D28}
	EndGlobalSection
EndGlobal
